
Microsoft Visual Studio Solution File, Format Version 12.00
# Visual Studio Version 16
VisualStudioVersion = 16.0.29324.140
MinimumVisualStudioVersion = 10.0.40219.1
Project("{FAE04EC0-301F-11D3-BF4B-00C04F79EFBC}") = "csharp-concepts", "csharp-concepts.csproj", "{8882DC63-8C4E-4794-905D-1C1C88E4A788}"
EndProject
Global
	GlobalSection(SolutionConfigurationPlatforms) = preSolution
		Debug|Any CPU = Debug|Any CPU
		Release|Any CPU = Release|Any CPU
	EndGlobalSection
	GlobalSection(ProjectConfigurationPlatforms) = postSolution
		{8882DC63-8C4E-4794-905D-1C1C88E4A788}.Debug|Any CPU.ActiveCfg = Debug|Any CPU
		{8882DC63-8C4E-4794-905D-1C1C88E4A788}.Debug|Any CPU.Build.0 = Debug|Any CPU
		{8882DC63-8C4E-4794-905D-1C1C88E4A788}.Release|Any CPU.ActiveCfg = Release|Any CPU
		{8882DC63-8C4E-4794-905D-1C1C88E4A788}.Release|Any CPU.Build.0 = Release|Any CPU
	EndGlobalSection
	GlobalSection(SolutionProperties) = preSolution
		HideSolutionNode = FALSE
	EndGlobalSection
	GlobalSection(ExtensibilityGlobals) = postSolution
		SolutionGuid = {14FC6462-7140-4865-9ED8-FBA5B8F5C371}
	EndGlobalSection
EndGlobal
